
Microsoft Visual Studio Solution File, Format Version 12.00
# Visual Studio Version 17
VisualStudioVersion = 17.14.36212.18 d17.14
MinimumVisualStudioVersion = 10.0.40219.1
Project("{FAE04EC0-301F-11D3-BF4B-00C04F79EFBC}") = "localizeTranslate", "localizeTranslate\localizeTranslate\localizeTranslate.csproj", "{A8EA4A87-CE0C-4DD7-A285-D2126C0F043B}"
EndProject
Project("{FAE04EC0-301F-11D3-BF4B-00C04F79EFBC}") = "localizeTranslate.Client", "localizeTranslate\localizeTranslate.Client\localizeTranslate.Client.csproj", "{4119E005-CD11-4212-8031-7C519B479110}"
EndProject
Global
	GlobalSection(SolutionConfigurationPlatforms) = preSolution
		Debug|Any CPU = Debug|Any CPU
		Release|Any CPU = Release|Any CPU
	EndGlobalSection
	GlobalSection(ProjectConfigurationPlatforms) = postSolution
		{A8EA4A87-CE0C-4DD7-A285-D2126C0F043B}.Debug|Any CPU.ActiveCfg = Debug|Any CPU
		{A8EA4A87-CE0C-4DD7-A285-D2126C0F043B}.Debug|Any CPU.Build.0 = Debug|Any CPU
		{A8EA4A87-CE0C-4DD7-A285-D2126C0F043B}.Release|Any CPU.ActiveCfg = Release|Any CPU
		{A8EA4A87-CE0C-4DD7-A285-D2126C0F043B}.Release|Any CPU.Build.0 = Release|Any CPU
		{4119E005-CD11-4212-8031-7C519B479110}.Debug|Any CPU.ActiveCfg = Debug|Any CPU
		{4119E005-CD11-4212-8031-7C519B479110}.Debug|Any CPU.Build.0 = Debug|Any CPU
		{4119E005-CD11-4212-8031-7C519B479110}.Release|Any CPU.ActiveCfg = Release|Any CPU
		{4119E005-CD11-4212-8031-7C519B479110}.Release|Any CPU.Build.0 = Release|Any CPU
	EndGlobalSection
	GlobalSection(SolutionProperties) = preSolution
		HideSolutionNode = FALSE
	EndGlobalSection
	GlobalSection(ExtensibilityGlobals) = postSolution
		SolutionGuid = {4EE30CEB-E86A-4BE5-AF76-998764340EAD}
	EndGlobalSection
EndGlobal
